
Microsoft Visual Studio Solution File, Format Version 12.00
# Visual Studio 15
VisualStudioVersion = 15.0.28307.136
MinimumVisualStudioVersion = 10.0.40219.1
Project("{FAE04EC0-301F-11D3-BF4B-00C04F79EFBC}") = "final2", "final2\final2.csproj", "{43588912-3891-435D-BAD9-BB154C04BFE2}"
EndProject
Global
	GlobalSection(SolutionConfigurationPlatforms) = preSolution
		Debug|Any CPU = Debug|Any CPU
		Release|Any CPU = Release|Any CPU
	EndGlobalSection
	GlobalSection(ProjectConfigurationPlatforms) = postSolution
		{43588912-3891-435D-BAD9-BB154C04BFE2}.Debug|Any CPU.ActiveCfg = Debug|Any CPU
		{43588912-3891-435D-BAD9-BB154C04BFE2}.Debug|Any CPU.Build.0 = Debug|Any CPU
		{43588912-3891-435D-BAD9-BB154C04BFE2}.Release|Any CPU.ActiveCfg = Release|Any CPU
		{43588912-3891-435D-BAD9-BB154C04BFE2}.Release|Any CPU.Build.0 = Release|Any CPU
	EndGlobalSection
	GlobalSection(SolutionProperties) = preSolution
		HideSolutionNode = FALSE
	EndGlobalSection
	GlobalSection(ExtensibilityGlobals) = postSolution
		SolutionGuid = {46AF906E-F334-480B-83D3-8C4F83385A90}
	EndGlobalSection
EndGlobal
